{
    "_readme": [
        "This file locks the dependencies of your project to a known state",
        "Read more about it at https://getcomposer.org/doc/01-basic-usage.md#composer-lock-the-lock-file",
        "This file is @generated automatically"
    ],
    "content-hash": "30164a7da18f50f8b61e49fabc03e69c",
    "packages": [
        {
            "name": "jpush/jpush",
            "version": "v3.5.34",
            "source": {
                "type": "git",
                "url": "https://github.com/jpush/jpush-api-php-client.git",
                "reference": "86ff095c1b8ec947ad1a13f40faeb67a191b8301"
            },
            "dist": {
                "type": "zip",
                "url": "https://files.phpcomposer.com/files/jpush/jpush-api-php-client/86ff095c1b8ec947ad1a13f40faeb67a191b8301.zip",
                "reference": "86ff095c1b8ec947ad1a13f40faeb67a191b8301",
                "shasum": ""
            },
            "require": {
                "ext-curl": "*",
                "php": ">=5.3.3"
            },
            "require-dev": {
                "phpunit/phpunit": "*"
            },
            "type": "library",
            "autoload": {
                "psr-4": {
                    "JPush\\": "src/JPush/"
                }
            },
            "notification-url": "https://packagist.org/downloads/",
            "license": [
                "MIT"
            ],
            "authors": [
                {
                    "name": "JPush",
                    "email": "support@jpush.cn",
                    "homepage": "https://www.jpush.cn/",
                    "role": "Developer"
                }
            ],
            "description": "JPush API PHP Client",
            "homepage": "https://github.com/jpush/jpush-api-php-client",
            "time": "2018-03-09T02:46:21+00:00"
        }
    ],
    "packages-dev": [],
    "aliases": [],
    "minimum-stability": "dev",
    "stability-flags": [],
    "prefer-stable": false,
    "prefer-lowest": false,
    "platform": [],
    "platform-dev": []
}
